
Microsoft Visual Studio Solution File, Format Version 12.00
# Visual Studio Version 16
VisualStudioVersion = 16.0.29009.5
MinimumVisualStudioVersion = 10.0.40219.1
Project("{9A19103F-16F7-4668-BE54-9A1E7A4F7556}") = "BicycleService.Api", "BicycleService\BicycleService.Api.csproj", "{DCC8BC79-7DC5-4E00-AA22-AC77725CDF96}"
	ProjectSection(ProjectDependencies) = postProject
		{A6F2A88F-067A-4E77-A8B4-D7AC582C09F2} = {A6F2A88F-067A-4E77-A8B4-D7AC582C09F2}
		{33027A9F-C136-47C6-BEF1-FE8944E1CCE3} = {33027A9F-C136-47C6-BEF1-FE8944E1CCE3}
	EndProjectSection
EndProject
Project("{9A19103F-16F7-4668-BE54-9A1E7A4F7556}") = "BicycleService.Data.Sql", "BicycleService.Data.Sql\BicycleService.Data.Sql.csproj", "{33027A9F-C136-47C6-BEF1-FE8944E1CCE3}"
EndProject
Project("{9A19103F-16F7-4668-BE54-9A1E7A4F7556}") = "BicycleService.Common", "Utils\BicycleService.Common.csproj", "{1524E987-3A85-41ED-A21E-93CBF17ED639}"
EndProject
Project("{9A19103F-16F7-4668-BE54-9A1E7A4F7556}") = "BicycleService.Domain", "BicycleService.Domain\BicycleService.Domain.csproj", "{A6F2A88F-067A-4E77-A8B4-D7AC582C09F2}"
	ProjectSection(ProjectDependencies) = postProject
		{1524E987-3A85-41ED-A21E-93CBF17ED639} = {1524E987-3A85-41ED-A21E-93CBF17ED639}
	EndProjectSection
EndProject
Project("{9A19103F-16F7-4668-BE54-9A1E7A4F7556}") = "BicycleService.IData", "BicycleService.IData\BicycleService.IData.csproj", "{5989EB07-13DE-40E0-A25E-65EF8933E7E8}"
EndProject
Project("{9A19103F-16F7-4668-BE54-9A1E7A4F7556}") = "BicycleService.IServices", "BicycleService.IServices\BicycleService.IServices.csproj", "{5E57F8BB-E72D-45D3-A058-AF138F5F3322}"
EndProject
Project("{9A19103F-16F7-4668-BE54-9A1E7A4F7556}") = "BicycleService.Services", "BicycleService.Services\BicycleService.Services.csproj", "{969C0EA3-612A-4644-906E-32872F0A27AB}"
EndProject
Project("{FAE04EC0-301F-11D3-BF4B-00C04F79EFBC}") = "BicycleService.Data.Sql.Tests", "Bicycle.Service.Data.Sql.Tests\BicycleService.Data.Sql.Tests.csproj", "{5535DB65-5565-4F84-89C4-004ACCA5712D}"
EndProject
Project("{FAE04EC0-301F-11D3-BF4B-00C04F79EFBC}") = "BicycleService.Domain.Tests", "BicycleService.Domain.Tests\BicycleService.Domain.Tests.csproj", "{C10D1BEA-6D13-4F4D-8D34-F002C887F420}"
EndProject
Project("{FAE04EC0-301F-11D3-BF4B-00C04F79EFBC}") = "BicycleService.Services.Tests", "BicycleService.Services.Tests\BicycleService.Services.Tests.csproj", "{94FA7AA8-D89E-4CE2-AA30-FB5A4E334992}"
EndProject
Global
	GlobalSection(SolutionConfigurationPlatforms) = preSolution
		Debug|Any CPU = Debug|Any CPU
		Debug|ARM = Debug|ARM
		Debug|ARM64 = Debug|ARM64
		Debug|x64 = Debug|x64
		Debug|x86 = Debug|x86
		Release|Any CPU = Release|Any CPU
		Release|ARM = Release|ARM
		Release|ARM64 = Release|ARM64
		Release|x64 = Release|x64
		Release|x86 = Release|x86
	EndGlobalSection
	GlobalSection(ProjectConfigurationPlatforms) = postSolution
		{DCC8BC79-7DC5-4E00-AA22-AC77725CDF96}.Debug|Any CPU.ActiveCfg = Debug|Any CPU
		{DCC8BC79-7DC5-4E00-AA22-AC77725CDF96}.Debug|Any CPU.Build.0 = Debug|Any CPU
		{DCC8BC79-7DC5-4E00-AA22-AC77725CDF96}.Debug|ARM.ActiveCfg = Debug|Any CPU
		{DCC8BC79-7DC5-4E00-AA22-AC77725CDF96}.Debug|ARM.Build.0 = Debug|Any CPU
		{DCC8BC79-7DC5-4E00-AA22-AC77725CDF96}.Debug|ARM64.ActiveCfg = Debug|Any CPU
		{DCC8BC79-7DC5-4E00-AA22-AC77725CDF96}.Debug|ARM64.Build.0 = Debug|Any CPU
		{DCC8BC79-7DC5-4E00-AA22-AC77725CDF96}.Debug|x64.ActiveCfg = Debug|Any CPU
		{DCC8BC79-7DC5-4E00-AA22-AC77725CDF96}.Debug|x64.Build.0 = Debug|Any CPU
		{DCC8BC79-7DC5-4E00-AA22-AC77725CDF96}.Debug|x86.ActiveCfg = Debug|Any CPU
		{DCC8BC79-7DC5-4E00-AA22-AC77725CDF96}.Debug|x86.Build.0 = Debug|Any CPU
		{DCC8BC79-7DC5-4E00-AA22-AC77725CDF96}.Release|Any CPU.ActiveCfg = Release|Any CPU
		{DCC8BC79-7DC5-4E00-AA22-AC77725CDF96}.Release|Any CPU.Build.0 = Release|Any CPU
		{DCC8BC79-7DC5-4E00-AA22-AC77725CDF96}.Release|ARM.ActiveCfg = Release|Any CPU
		{DCC8BC79-7DC5-4E00-AA22-AC77725CDF96}.Release|ARM.Build.0 = Release|Any CPU
		{DCC8BC79-7DC5-4E00-AA22-AC77725CDF96}.Release|ARM64.ActiveCfg = Release|Any CPU
		{DCC8BC79-7DC5-4E00-AA22-AC77725CDF96}.Release|ARM64.Build.0 = Release|Any CPU
		{DCC8BC79-7DC5-4E00-AA22-AC77725CDF96}.Release|x64.ActiveCfg = Release|Any CPU
		{DCC8BC79-7DC5-4E00-AA22-AC77725CDF96}.Release|x64.Build.0 = Release|Any CPU
		{DCC8BC79-7DC5-4E00-AA22-AC77725CDF96}.Release|x86.ActiveCfg = Release|Any CPU
		{DCC8BC79-7DC5-4E00-AA22-AC77725CDF96}.Release|x86.Build.0 = Release|Any CPU
		{33027A9F-C136-47C6-BEF1-FE8944E1CCE3}.Debug|Any CPU.ActiveCfg = Debug|Any CPU
		{33027A9F-C136-47C6-BEF1-FE8944E1CCE3}.Debug|Any CPU.Build.0 = Debug|Any CPU
		{33027A9F-C136-47C6-BEF1-FE8944E1CCE3}.Debug|ARM.ActiveCfg = Debug|Any CPU
		{33027A9F-C136-47C6-BEF1-FE8944E1CCE3}.Debug|ARM.Build.0 = Debug|Any CPU
		{33027A9F-C136-47C6-BEF1-FE8944E1CCE3}.Debug|ARM64.ActiveCfg = Debug|Any CPU
		{33027A9F-C136-47C6-BEF1-FE8944E1CCE3}.Debug|ARM64.Build.0 = Debug|Any CPU
		{33027A9F-C136-47C6-BEF1-FE8944E1CCE3}.Debug|x64.ActiveCfg = Debug|Any CPU
		{33027A9F-C136-47C6-BEF1-FE8944E1CCE3}.Debug|x64.Build.0 = Debug|Any CPU
		{33027A9F-C136-47C6-BEF1-FE8944E1CCE3}.Debug|x86.ActiveCfg = Debug|Any CPU
		{33027A9F-C136-47C6-BEF1-FE8944E1CCE3}.Debug|x86.Build.0 = Debug|Any CPU
		{33027A9F-C136-47C6-BEF1-FE8944E1CCE3}.Release|Any CPU.ActiveCfg = Release|Any CPU
		{33027A9F-C136-47C6-BEF1-FE8944E1CCE3}.Release|Any CPU.Build.0 = Release|Any CPU
		{33027A9F-C136-47C6-BEF1-FE8944E1CCE3}.Release|ARM.ActiveCfg = Release|Any CPU
		{33027A9F-C136-47C6-BEF1-FE8944E1CCE3}.Release|ARM.Build.0 = Release|Any CPU
		{33027A9F-C136-47C6-BEF1-FE8944E1CCE3}.Release|ARM64.ActiveCfg = Release|Any CPU
		{33027A9F-C136-47C6-BEF1-FE8944E1CCE3}.Release|ARM64.Build.0 = Release|Any CPU
		{33027A9F-C136-47C6-BEF1-FE8944E1CCE3}.Release|x64.ActiveCfg = Release|Any CPU
		{33027A9F-C136-47C6-BEF1-FE8944E1CCE3}.Release|x64.Build.0 = Release|Any CPU
		{33027A9F-C136-47C6-BEF1-FE8944E1CCE3}.Release|x86.ActiveCfg = Release|Any CPU
		{33027A9F-C136-47C6-BEF1-FE8944E1CCE3}.Release|x86.Build.0 = Release|Any CPU
		{1524E987-3A85-41ED-A21E-93CBF17ED639}.Debug|Any CPU.ActiveCfg = Debug|Any CPU
		{1524E987-3A85-41ED-A21E-93CBF17ED639}.Debug|Any CPU.Build.0 = Debug|Any CPU
		{1524E987-3A85-41ED-A21E-93CBF17ED639}.Debug|ARM.ActiveCfg = Debug|Any CPU
		{1524E987-3A85-41ED-A21E-93CBF17ED639}.Debug|ARM.Build.0 = Debug|Any CPU
		{1524E987-3A85-41ED-A21E-93CBF17ED639}.Debug|ARM64.ActiveCfg = Debug|Any CPU
		{1524E987-3A85-41ED-A21E-93CBF17ED639}.Debug|ARM64.Build.0 = Debug|Any CPU
		{1524E987-3A85-41ED-A21E-93CBF17ED639}.Debug|x64.ActiveCfg = Debug|Any CPU
		{1524E987-3A85-41ED-A21E-93CBF17ED639}.Debug|x64.Build.0 = Debug|Any CPU
		{1524E987-3A85-41ED-A21E-93CBF17ED639}.Debug|x86.ActiveCfg = Debug|Any CPU
		{1524E987-3A85-41ED-A21E-93CBF17ED639}.Debug|x86.Build.0 = Debug|Any CPU
		{1524E987-3A85-41ED-A21E-93CBF17ED639}.Release|Any CPU.ActiveCfg = Release|Any CPU
		{1524E987-3A85-41ED-A21E-93CBF17ED639}.Release|Any CPU.Build.0 = Release|Any CPU
		{1524E987-3A85-41ED-A21E-93CBF17ED639}.Release|ARM.ActiveCfg = Release|Any CPU
		{1524E987-3A85-41ED-A21E-93CBF17ED639}.Release|ARM.Build.0 = Release|Any CPU
		{1524E987-3A85-41ED-A21E-93CBF17ED639}.Release|ARM64.ActiveCfg = Release|Any CPU
		{1524E987-3A85-41ED-A21E-93CBF17ED639}.Release|ARM64.Build.0 = Release|Any CPU
		{1524E987-3A85-41ED-A21E-93CBF17ED639}.Release|x64.ActiveCfg = Release|Any CPU
		{1524E987-3A85-41ED-A21E-93CBF17ED639}.Release|x64.Build.0 = Release|Any CPU
		{1524E987-3A85-41ED-A21E-93CBF17ED639}.Release|x86.ActiveCfg = Release|Any CPU
		{1524E987-3A85-41ED-A21E-93CBF17ED639}.Release|x86.Build.0 = Release|Any CPU
		{A6F2A88F-067A-4E77-A8B4-D7AC582C09F2}.Debug|Any CPU.ActiveCfg = Debug|Any CPU
		{A6F2A88F-067A-4E77-A8B4-D7AC582C09F2}.Debug|Any CPU.Build.0 = Debug|Any CPU
		{A6F2A88F-067A-4E77-A8B4-D7AC582C09F2}.Debug|ARM.ActiveCfg = Debug|Any CPU
		{A6F2A88F-067A-4E77-A8B4-D7AC582C09F2}.Debug|ARM.Build.0 = Debug|Any CPU
		{A6F2A88F-067A-4E77-A8B4-D7AC582C09F2}.Debug|ARM64.ActiveCfg = Debug|Any CPU
		{A6F2A88F-067A-4E77-A8B4-D7AC582C09F2}.Debug|ARM64.Build.0 = Debug|Any CPU
		{A6F2A88F-067A-4E77-A8B4-D7AC582C09F2}.Debug|x64.ActiveCfg = Debug|Any CPU
		{A6F2A88F-067A-4E77-A8B4-D7AC582C09F2}.Debug|x64.Build.0 = Debug|Any CPU
		{A6F2A88F-067A-4E77-A8B4-D7AC582C09F2}.Debug|x86.ActiveCfg = Debug|Any CPU
		{A6F2A88F-067A-4E77-A8B4-D7AC582C09F2}.Debug|x86.Build.0 = Debug|Any CPU
		{A6F2A88F-067A-4E77-A8B4-D7AC582C09F2}.Release|Any CPU.ActiveCfg = Release|Any CPU
		{A6F2A88F-067A-4E77-A8B4-D7AC582C09F2}.Release|Any CPU.Build.0 = Release|Any CPU
		{A6F2A88F-067A-4E77-A8B4-D7AC582C09F2}.Release|ARM.ActiveCfg = Release|Any CPU
		{A6F2A88F-067A-4E77-A8B4-D7AC582C09F2}.Release|ARM.Build.0 = Release|Any CPU
		{A6F2A88F-067A-4E77-A8B4-D7AC582C09F2}.Release|ARM64.ActiveCfg = Release|Any CPU
		{A6F2A88F-067A-4E77-A8B4-D7AC582C09F2}.Release|ARM64.Build.0 = Release|Any CPU
		{A6F2A88F-067A-4E77-A8B4-D7AC582C09F2}.Release|x64.ActiveCfg = Release|Any CPU
		{A6F2A88F-067A-4E77-A8B4-D7AC582C09F2}.Release|x64.Build.0 = Release|Any CPU
		{A6F2A88F-067A-4E77-A8B4-D7AC582C09F2}.Release|x86.ActiveCfg = Release|Any CPU
		{A6F2A88F-067A-4E77-A8B4-D7AC582C09F2}.Release|x86.Build.0 = Release|Any CPU
		{5989EB07-13DE-40E0-A25E-65EF8933E7E8}.Debug|Any CPU.ActiveCfg = Debug|Any CPU
		{5989EB07-13DE-40E0-A25E-65EF8933E7E8}.Debug|Any CPU.Build.0 = Debug|Any CPU
		{5989EB07-13DE-40E0-A25E-65EF8933E7E8}.Debug|ARM.ActiveCfg = Debug|Any CPU
		{5989EB07-13DE-40E0-A25E-65EF8933E7E8}.Debug|ARM.Build.0 = Debug|Any CPU
		{5989EB07-13DE-40E0-A25E-65EF8933E7E8}.Debug|ARM64.ActiveCfg = Debug|Any CPU
		{5989EB07-13DE-40E0-A25E-65EF8933E7E8}.Debug|ARM64.Build.0 = Debug|Any CPU
		{5989EB07-13DE-40E0-A25E-65EF8933E7E8}.Debug|x64.ActiveCfg = Debug|Any CPU
		{5989EB07-13DE-40E0-A25E-65EF8933E7E8}.Debug|x64.Build.0 = Debug|Any CPU
		{5989EB07-13DE-40E0-A25E-65EF8933E7E8}.Debug|x86.ActiveCfg = Debug|Any CPU
		{5989EB07-13DE-40E0-A25E-65EF8933E7E8}.Debug|x86.Build.0 = Debug|Any CPU
		{5989EB07-13DE-40E0-A25E-65EF8933E7E8}.Release|Any CPU.ActiveCfg = Release|Any CPU
		{5989EB07-13DE-40E0-A25E-65EF8933E7E8}.Release|Any CPU.Build.0 = Release|Any CPU
		{5989EB07-13DE-40E0-A25E-65EF8933E7E8}.Release|ARM.ActiveCfg = Release|Any CPU
		{5989EB07-13DE-40E0-A25E-65EF8933E7E8}.Release|ARM.Build.0 = Release|Any CPU
		{5989EB07-13DE-40E0-A25E-65EF8933E7E8}.Release|ARM64.ActiveCfg = Release|Any CPU
		{5989EB07-13DE-40E0-A25E-65EF8933E7E8}.Release|ARM64.Build.0 = Release|Any CPU
		{5989EB07-13DE-40E0-A25E-65EF8933E7E8}.Release|x64.ActiveCfg = Release|Any CPU
		{5989EB07-13DE-40E0-A25E-65EF8933E7E8}.Release|x64.Build.0 = Release|Any CPU
		{5989EB07-13DE-40E0-A25E-65EF8933E7E8}.Release|x86.ActiveCfg = Release|Any CPU
		{5989EB07-13DE-40E0-A25E-65EF8933E7E8}.Release|x86.Build.0 = Release|Any CPU
		{5E57F8BB-E72D-45D3-A058-AF138F5F3322}.Debug|Any CPU.ActiveCfg = Debug|Any CPU
		{5E57F8BB-E72D-45D3-A058-AF138F5F3322}.Debug|Any CPU.Build.0 = Debug|Any CPU
		{5E57F8BB-E72D-45D3-A058-AF138F5F3322}.Debug|ARM.ActiveCfg = Debug|Any CPU
		{5E57F8BB-E72D-45D3-A058-AF138F5F3322}.Debug|ARM.Build.0 = Debug|Any CPU
		{5E57F8BB-E72D-45D3-A058-AF138F5F3322}.Debug|ARM64.ActiveCfg = Debug|Any CPU
		{5E57F8BB-E72D-45D3-A058-AF138F5F3322}.Debug|ARM64.Build.0 = Debug|Any CPU
		{5E57F8BB-E72D-45D3-A058-AF138F5F3322}.Debug|x64.ActiveCfg = Debug|Any CPU
		{5E57F8BB-E72D-45D3-A058-AF138F5F3322}.Debug|x64.Build.0 = Debug|Any CPU
		{5E57F8BB-E72D-45D3-A058-AF138F5F3322}.Debug|x86.ActiveCfg = Debug|Any CPU
		{5E57F8BB-E72D-45D3-A058-AF138F5F3322}.Debug|x86.Build.0 = Debug|Any CPU
		{5E57F8BB-E72D-45D3-A058-AF138F5F3322}.Release|Any CPU.ActiveCfg = Release|Any CPU
		{5E57F8BB-E72D-45D3-A058-AF138F5F3322}.Release|Any CPU.Build.0 = Release|Any CPU
		{5E57F8BB-E72D-45D3-A058-AF138F5F3322}.Release|ARM.ActiveCfg = Release|Any CPU
		{5E57F8BB-E72D-45D3-A058-AF138F5F3322}.Release|ARM.Build.0 = Release|Any CPU
		{5E57F8BB-E72D-45D3-A058-AF138F5F3322}.Release|ARM64.ActiveCfg = Release|Any CPU
		{5E57F8BB-E72D-45D3-A058-AF138F5F3322}.Release|ARM64.Build.0 = Release|Any CPU
		{5E57F8BB-E72D-45D3-A058-AF138F5F3322}.Release|x64.ActiveCfg = Release|Any CPU
		{5E57F8BB-E72D-45D3-A058-AF138F5F3322}.Release|x64.Build.0 = Release|Any CPU
		{5E57F8BB-E72D-45D3-A058-AF138F5F3322}.Release|x86.ActiveCfg = Release|Any CPU
		{5E57F8BB-E72D-45D3-A058-AF138F5F3322}.Release|x86.Build.0 = Release|Any CPU
		{969C0EA3-612A-4644-906E-32872F0A27AB}.Debug|Any CPU.ActiveCfg = Debug|Any CPU
		{969C0EA3-612A-4644-906E-32872F0A27AB}.Debug|Any CPU.Build.0 = Debug|Any CPU
		{969C0EA3-612A-4644-906E-32872F0A27AB}.Debug|ARM.ActiveCfg = Debug|Any CPU
		{969C0EA3-612A-4644-906E-32872F0A27AB}.Debug|ARM.Build.0 = Debug|Any CPU
		{969C0EA3-612A-4644-906E-32872F0A27AB}.Debug|ARM64.ActiveCfg = Debug|Any CPU
		{969C0EA3-612A-4644-906E-32872F0A27AB}.Debug|ARM64.Build.0 = Debug|Any CPU
		{969C0EA3-612A-4644-906E-32872F0A27AB}.Debug|x64.ActiveCfg = Debug|Any CPU
		{969C0EA3-612A-4644-906E-32872F0A27AB}.Debug|x64.Build.0 = Debug|Any CPU
		{969C0EA3-612A-4644-906E-32872F0A27AB}.Debug|x86.ActiveCfg = Debug|Any CPU
		{969C0EA3-612A-4644-906E-32872F0A27AB}.Debug|x86.Build.0 = Debug|Any CPU
		{969C0EA3-612A-4644-906E-32872F0A27AB}.Release|Any CPU.ActiveCfg = Release|Any CPU
		{969C0EA3-612A-4644-906E-32872F0A27AB}.Release|Any CPU.Build.0 = Release|Any CPU
		{969C0EA3-612A-4644-906E-32872F0A27AB}.Release|ARM.ActiveCfg = Release|Any CPU
		{969C0EA3-612A-4644-906E-32872F0A27AB}.Release|ARM.Build.0 = Release|Any CPU
		{969C0EA3-612A-4644-906E-32872F0A27AB}.Release|ARM64.ActiveCfg = Release|Any CPU
		{969C0EA3-612A-4644-906E-32872F0A27AB}.Release|ARM64.Build.0 = Release|Any CPU
		{969C0EA3-612A-4644-906E-32872F0A27AB}.Release|x64.ActiveCfg = Release|Any CPU
		{969C0EA3-612A-4644-906E-32872F0A27AB}.Release|x64.Build.0 = Release|Any CPU
		{969C0EA3-612A-4644-906E-32872F0A27AB}.Release|x86.ActiveCfg = Release|Any CPU
		{969C0EA3-612A-4644-906E-32872F0A27AB}.Release|x86.Build.0 = Release|Any CPU
		{5535DB65-5565-4F84-89C4-004ACCA5712D}.Debug|Any CPU.ActiveCfg = Debug|Any CPU
		{5535DB65-5565-4F84-89C4-004ACCA5712D}.Debug|Any CPU.Build.0 = Debug|Any CPU
		{5535DB65-5565-4F84-89C4-004ACCA5712D}.Debug|ARM.ActiveCfg = Debug|Any CPU
		{5535DB65-5565-4F84-89C4-004ACCA5712D}.Debug|ARM.Build.0 = Debug|Any CPU
		{5535DB65-5565-4F84-89C4-004ACCA5712D}.Debug|ARM64.ActiveCfg = Debug|Any CPU
		{5535DB65-5565-4F84-89C4-004ACCA5712D}.Debug|ARM64.Build.0 = Debug|Any CPU
		{5535DB65-5565-4F84-89C4-004ACCA5712D}.Debug|x64.ActiveCfg = Debug|Any CPU
		{5535DB65-5565-4F84-89C4-004ACCA5712D}.Debug|x64.Build.0 = Debug|Any CPU
		{5535DB65-5565-4F84-89C4-004ACCA5712D}.Debug|x86.ActiveCfg = Debug|Any CPU
		{5535DB65-5565-4F84-89C4-004ACCA5712D}.Debug|x86.Build.0 = Debug|Any CPU
		{5535DB65-5565-4F84-89C4-004ACCA5712D}.Release|Any CPU.ActiveCfg = Release|Any CPU
		{5535DB65-5565-4F84-89C4-004ACCA5712D}.Release|Any CPU.Build.0 = Release|Any CPU
		{5535DB65-5565-4F84-89C4-004ACCA5712D}.Release|ARM.ActiveCfg = Release|Any CPU
		{5535DB65-5565-4F84-89C4-004ACCA5712D}.Release|ARM.Build.0 = Release|Any CPU
		{5535DB65-5565-4F84-89C4-004ACCA5712D}.Release|ARM64.ActiveCfg = Release|Any CPU
		{5535DB65-5565-4F84-89C4-004ACCA5712D}.Release|ARM64.Build.0 = Release|Any CPU
		{5535DB65-5565-4F84-89C4-004ACCA5712D}.Release|x64.ActiveCfg = Release|Any CPU
		{5535DB65-5565-4F84-89C4-004ACCA5712D}.Release|x64.Build.0 = Release|Any CPU
		{5535DB65-5565-4F84-89C4-004ACCA5712D}.Release|x86.ActiveCfg = Release|Any CPU
		{5535DB65-5565-4F84-89C4-004ACCA5712D}.Release|x86.Build.0 = Release|Any CPU
		{C10D1BEA-6D13-4F4D-8D34-F002C887F420}.Debug|Any CPU.ActiveCfg = Debug|Any CPU
		{C10D1BEA-6D13-4F4D-8D34-F002C887F420}.Debug|Any CPU.Build.0 = Debug|Any CPU
		{C10D1BEA-6D13-4F4D-8D34-F002C887F420}.Debug|ARM.ActiveCfg = Debug|Any CPU
		{C10D1BEA-6D13-4F4D-8D34-F002C887F420}.Debug|ARM.Build.0 = Debug|Any CPU
		{C10D1BEA-6D13-4F4D-8D34-F002C887F420}.Debug|ARM64.ActiveCfg = Debug|Any CPU
		{C10D1BEA-6D13-4F4D-8D34-F002C887F420}.Debug|ARM64.Build.0 = Debug|Any CPU
		{C10D1BEA-6D13-4F4D-8D34-F002C887F420}.Debug|x64.ActiveCfg = Debug|Any CPU
		{C10D1BEA-6D13-4F4D-8D34-F002C887F420}.Debug|x64.Build.0 = Debug|Any CPU
		{C10D1BEA-6D13-4F4D-8D34-F002C887F420}.Debug|x86.ActiveCfg = Debug|Any CPU
		{C10D1BEA-6D13-4F4D-8D34-F002C887F420}.Debug|x86.Build.0 = Debug|Any CPU
		{C10D1BEA-6D13-4F4D-8D34-F002C887F420}.Release|Any CPU.ActiveCfg = Release|Any CPU
		{C10D1BEA-6D13-4F4D-8D34-F002C887F420}.Release|Any CPU.Build.0 = Release|Any CPU
		{C10D1BEA-6D13-4F4D-8D34-F002C887F420}.Release|ARM.ActiveCfg = Release|Any CPU
		{C10D1BEA-6D13-4F4D-8D34-F002C887F420}.Release|ARM.Build.0 = Release|Any CPU
		{C10D1BEA-6D13-4F4D-8D34-F002C887F420}.Release|ARM64.ActiveCfg = Release|Any CPU
		{C10D1BEA-6D13-4F4D-8D34-F002C887F420}.Release|ARM64.Build.0 = Release|Any CPU
		{C10D1BEA-6D13-4F4D-8D34-F002C887F420}.Release|x64.ActiveCfg = Release|Any CPU
		{C10D1BEA-6D13-4F4D-8D34-F002C887F420}.Release|x64.Build.0 = Release|Any CPU
		{C10D1BEA-6D13-4F4D-8D34-F002C887F420}.Release|x86.ActiveCfg = Release|Any CPU
		{C10D1BEA-6D13-4F4D-8D34-F002C887F420}.Release|x86.Build.0 = Release|Any CPU
		{94FA7AA8-D89E-4CE2-AA30-FB5A4E334992}.Debug|Any CPU.ActiveCfg = Debug|Any CPU
		{94FA7AA8-D89E-4CE2-AA30-FB5A4E334992}.Debug|Any CPU.Build.0 = Debug|Any CPU
		{94FA7AA8-D89E-4CE2-AA30-FB5A4E334992}.Debug|ARM.ActiveCfg = Debug|Any CPU
		{94FA7AA8-D89E-4CE2-AA30-FB5A4E334992}.Debug|ARM.Build.0 = Debug|Any CPU
		{94FA7AA8-D89E-4CE2-AA30-FB5A4E334992}.Debug|ARM64.ActiveCfg = Debug|Any CPU
		{94FA7AA8-D89E-4CE2-AA30-FB5A4E334992}.Debug|ARM64.Build.0 = Debug|Any CPU
		{94FA7AA8-D89E-4CE2-AA30-FB5A4E334992}.Debug|x64.ActiveCfg = Debug|Any CPU
		{94FA7AA8-D89E-4CE2-AA30-FB5A4E334992}.Debug|x64.Build.0 = Debug|Any CPU
		{94FA7AA8-D89E-4CE2-AA30-FB5A4E334992}.Debug|x86.ActiveCfg = Debug|Any CPU
		{94FA7AA8-D89E-4CE2-AA30-FB5A4E334992}.Debug|x86.Build.0 = Debug|Any CPU
		{94FA7AA8-D89E-4CE2-AA30-FB5A4E334992}.Release|Any CPU.ActiveCfg = Release|Any CPU
		{94FA7AA8-D89E-4CE2-AA30-FB5A4E334992}.Release|Any CPU.Build.0 = Release|Any CPU
		{94FA7AA8-D89E-4CE2-AA30-FB5A4E334992}.Release|ARM.ActiveCfg = Release|Any CPU
		{94FA7AA8-D89E-4CE2-AA30-FB5A4E334992}.Release|ARM.Build.0 = Release|Any CPU
		{94FA7AA8-D89E-4CE2-AA30-FB5A4E334992}.Release|ARM64.ActiveCfg = Release|Any CPU
		{94FA7AA8-D89E-4CE2-AA30-FB5A4E334992}.Release|ARM64.Build.0 = Release|Any CPU
		{94FA7AA8-D89E-4CE2-AA30-FB5A4E334992}.Release|x64.ActiveCfg = Release|Any CPU
		{94FA7AA8-D89E-4CE2-AA30-FB5A4E334992}.Release|x64.Build.0 = Release|Any CPU
		{94FA7AA8-D89E-4CE2-AA30-FB5A4E334992}.Release|x86.ActiveCfg = Release|Any CPU
		{94FA7AA8-D89E-4CE2-AA30-FB5A4E334992}.Release|x86.Build.0 = Release|Any CPU
	EndGlobalSection
	GlobalSection(SolutionProperties) = preSolution
		HideSolutionNode = FALSE
	EndGlobalSection
	GlobalSection(ExtensibilityGlobals) = postSolution
		SolutionGuid = {6F8BE7E4-5ECA-4087-BA1E-3E4AF683544B}
	EndGlobalSection
EndGlobal
