
Microsoft Visual Studio Solution File, Format Version 12.00
# Visual Studio Version 16
VisualStudioVersion = 16.0.29009.5
MinimumVisualStudioVersion = 10.0.40219.1
Project("{FAE04EC0-301F-11D3-BF4B-00C04F79EFBC}") = "BitmapApplication", "BitmapApplication\BitmapApplication.csproj", "{F913F3E2-3F3C-4A73-AA65-44D48AD44638}"
EndProject
Global
	GlobalSection(SolutionConfigurationPlatforms) = preSolution
		Debug|Any CPU = Debug|Any CPU
		Release|Any CPU = Release|Any CPU
	EndGlobalSection
	GlobalSection(ProjectConfigurationPlatforms) = postSolution
		{F913F3E2-3F3C-4A73-AA65-44D48AD44638}.Debug|Any CPU.ActiveCfg = Debug|Any CPU
		{F913F3E2-3F3C-4A73-AA65-44D48AD44638}.Debug|Any CPU.Build.0 = Debug|Any CPU
		{F913F3E2-3F3C-4A73-AA65-44D48AD44638}.Release|Any CPU.ActiveCfg = Release|Any CPU
		{F913F3E2-3F3C-4A73-AA65-44D48AD44638}.Release|Any CPU.Build.0 = Release|Any CPU
	EndGlobalSection
	GlobalSection(SolutionProperties) = preSolution
		HideSolutionNode = FALSE
	EndGlobalSection
	GlobalSection(ExtensibilityGlobals) = postSolution
		SolutionGuid = {5BDEA937-91D0-462A-A97B-CCA3F4849B50}
	EndGlobalSection
EndGlobal
