
Microsoft Visual Studio Solution File, Format Version 12.00
# Visual Studio 15
VisualStudioVersion = 15.0.27428.2043
MinimumVisualStudioVersion = 10.0.40219.1
Project("{8BC9CEB8-8B4A-11D0-8D11-00A0C91BC942}") = "Gra", "Gra\Gra.vcxproj", "{46FE8CB9-6AC0-46DA-999F-468E3F098FA7}"
EndProject
Global
	GlobalSection(SolutionConfigurationPlatforms) = preSolution
		Debug|x64 = Debug|x64
		Debug|x86 = Debug|x86
		Release|x64 = Release|x64
		Release|x86 = Release|x86
	EndGlobalSection
	GlobalSection(ProjectConfigurationPlatforms) = postSolution
		{46FE8CB9-6AC0-46DA-999F-468E3F098FA7}.Debug|x64.ActiveCfg = Debug|x64
		{46FE8CB9-6AC0-46DA-999F-468E3F098FA7}.Debug|x64.Build.0 = Debug|x64
		{46FE8CB9-6AC0-46DA-999F-468E3F098FA7}.Debug|x86.ActiveCfg = Debug|Win32
		{46FE8CB9-6AC0-46DA-999F-468E3F098FA7}.Debug|x86.Build.0 = Debug|Win32
		{46FE8CB9-6AC0-46DA-999F-468E3F098FA7}.Release|x64.ActiveCfg = Release|x64
		{46FE8CB9-6AC0-46DA-999F-468E3F098FA7}.Release|x64.Build.0 = Release|x64
		{46FE8CB9-6AC0-46DA-999F-468E3F098FA7}.Release|x86.ActiveCfg = Release|Win32
		{46FE8CB9-6AC0-46DA-999F-468E3F098FA7}.Release|x86.Build.0 = Release|Win32
	EndGlobalSection
	GlobalSection(SolutionProperties) = preSolution
		HideSolutionNode = FALSE
	EndGlobalSection
	GlobalSection(ExtensibilityGlobals) = postSolution
		SolutionGuid = {9430D85F-DB13-4D31-982F-51A3B7A0848A}
	EndGlobalSection
EndGlobal
